// !$*UTF8*$!
{
	archiveVersion = 1;
	classes = {
	};
	objectVersion = 56;
	objects = {

/* Begin PBXBuildFile section */
		A10001 /* FocusSnapApp.swift in Sources */ = {isa = PBXBuildFile; fileRef = B10001; };
		A10002 /* ContentView.swift in Sources */ = {isa = PBXBuildFile; fileRef = B10002; };
		A10003 /* Challenge.swift in Sources */ = {isa = PBXBuildFile; fileRef = B10003; };
		A10004 /* FocusProfile.swift in Sources */ = {isa = PBXBuildFile; fileRef = B10004; };
		A10005 /* FocusSession.swift in Sources */ = {isa = PBXBuildFile; fileRef = B10005; };
		A10006 /* AuthorizationManager.swift in Sources */ = {isa = PBXBuildFile; fileRef = B10006; };
		A10007 /* SessionManager.swift in Sources */ = {isa = PBXBuildFile; fileRef = B10007; };
		A10008 /* ProfileManager.swift in Sources */ = {isa = PBXBuildFile; fileRef = B10008; };
		A10009 /* ImageVerificationService.swift in Sources */ = {isa = PBXBuildFile; fileRef = B10009; };
		A10010 /* CameraService.swift in Sources */ = {isa = PBXBuildFile; fileRef = B10010; };
		A10011 /* HomeView.swift in Sources */ = {isa = PBXBuildFile; fileRef = B10011; };
		A10012 /* LockedView.swift in Sources */ = {isa = PBXBuildFile; fileRef = B10012; };
		A10013 /* CameraCaptureView.swift in Sources */ = {isa = PBXBuildFile; fileRef = B10013; };
		A10014 /* ProfilesView.swift in Sources */ = {isa = PBXBuildFile; fileRef = B10014; };
		A10015 /* EditProfileView.swift in Sources */ = {isa = PBXBuildFile; fileRef = B10015; };
		A10016 /* StatsView.swift in Sources */ = {isa = PBXBuildFile; fileRef = B10016; };
		A10017 /* SettingsView.swift in Sources */ = {isa = PBXBuildFile; fileRef = B10017; };
		A10018 /* OnboardingView.swift in Sources */ = {isa = PBXBuildFile; fileRef = B10018; };
		A10019 /* MainTabView.swift in Sources */ = {isa = PBXBuildFile; fileRef = B10019; };
		A10020 /* Assets.xcassets in Resources */ = {isa = PBXBuildFile; fileRef = B10020; };
		A20001 /* DeviceActivityMonitorExtension.swift in Sources */ = {isa = PBXBuildFile; fileRef = B20001; };
		A30001 /* ShieldConfigurationExtension.swift in Sources */ = {isa = PBXBuildFile; fileRef = B30001; };
		A40001 /* ShieldActionExtension.swift in Sources */ = {isa = PBXBuildFile; fileRef = B40001; };
		A20002 /* DeviceActivityMonitorExtension.appex in Embed Extensions */ = {isa = PBXBuildFile; fileRef = P20000; settings = {ATTRIBUTES = (RemoveHeadersOnCopy, ); }; };
		A30002 /* ShieldConfigurationExtension.appex in Embed Extensions */ = {isa = PBXBuildFile; fileRef = P30000; settings = {ATTRIBUTES = (RemoveHeadersOnCopy, ); }; };
		A40002 /* ShieldActionExtension.appex in Embed Extensions */ = {isa = PBXBuildFile; fileRef = P40000; settings = {ATTRIBUTES = (RemoveHeadersOnCopy, ); }; };
/* End PBXBuildFile section */

/* Begin PBXContainerItemProxy section */
		C20001 /* PBXContainerItemProxy */ = {
			isa = PBXContainerItemProxy;
			containerPortal = R00001 /* Project object */;
			proxyType = 1;
			remoteGlobalIDString = T20000;
			remoteInfo = DeviceActivityMonitorExtension;
		};
		C30001 /* PBXContainerItemProxy */ = {
			isa = PBXContainerItemProxy;
			containerPortal = R00001 /* Project object */;
			proxyType = 1;
			remoteGlobalIDString = T30000;
			remoteInfo = ShieldConfigurationExtension;
		};
		C40001 /* PBXContainerItemProxy */ = {
			isa = PBXContainerItemProxy;
			containerPortal = R00001 /* Project object */;
			proxyType = 1;
			remoteGlobalIDString = T40000;
			remoteInfo = ShieldActionExtension;
		};
/* End PBXContainerItemProxy section */

/* Begin PBXCopyFilesBuildPhase section */
		E10001 /* Embed Extensions */ = {
			isa = PBXCopyFilesBuildPhase;
			buildActionMask = 2147483647;
			dstPath = "";
			dstSubfolderSpec = 13;
			files = (
				A20002 /* DeviceActivityMonitorExtension.appex in Embed Extensions */,
				A30002 /* ShieldConfigurationExtension.appex in Embed Extensions */,
				A40002 /* ShieldActionExtension.appex in Embed Extensions */,
			);
			name = "Embed Extensions";
			runOnlyForDeploymentPostprocessing = 0;
		};
/* End PBXCopyFilesBuildPhase section */

/* Begin PBXFileReference section */
		P10000 /* FocusSnap.app */ = {isa = PBXFileReference; explicitFileType = wrapper.application; includeInIndex = 0; path = FocusSnap.app; sourceTree = BUILT_PRODUCTS_DIR; };
		P20000 /* DeviceActivityMonitorExtension.appex */ = {isa = PBXFileReference; explicitFileType = "wrapper.app-extension"; includeInIndex = 0; path = DeviceActivityMonitorExtension.appex; sourceTree = BUILT_PRODUCTS_DIR; };
		P30000 /* ShieldConfigurationExtension.appex */ = {isa = PBXFileReference; explicitFileType = "wrapper.app-extension"; includeInIndex = 0; path = ShieldConfigurationExtension.appex; sourceTree = BUILT_PRODUCTS_DIR; };
		P40000 /* ShieldActionExtension.appex */ = {isa = PBXFileReference; explicitFileType = "wrapper.app-extension"; includeInIndex = 0; path = ShieldActionExtension.appex; sourceTree = BUILT_PRODUCTS_DIR; };
		B10001 /* FocusSnapApp.swift */ = {isa = PBXFileReference; lastKnownFileType = sourcecode.swift; path = FocusSnapApp.swift; sourceTree = "<group>"; };
		B10002 /* ContentView.swift */ = {isa = PBXFileReference; lastKnownFileType = sourcecode.swift; path = ContentView.swift; sourceTree = "<group>"; };
		B10003 /* Challenge.swift */ = {isa = PBXFileReference; lastKnownFileType = sourcecode.swift; path = Challenge.swift; sourceTree = "<group>"; };
		B10004 /* FocusProfile.swift */ = {isa = PBXFileReference; lastKnownFileType = sourcecode.swift; path = FocusProfile.swift; sourceTree = "<group>"; };
		B10005 /* FocusSession.swift */ = {isa = PBXFileReference; lastKnownFileType = sourcecode.swift; path = FocusSession.swift; sourceTree = "<group>"; };
		B10006 /* AuthorizationManager.swift */ = {isa = PBXFileReference; lastKnownFileType = sourcecode.swift; path = AuthorizationManager.swift; sourceTree = "<group>"; };
		B10007 /* SessionManager.swift */ = {isa = PBXFileReference; lastKnownFileType = sourcecode.swift; path = SessionManager.swift; sourceTree = "<group>"; };
		B10008 /* ProfileManager.swift */ = {isa = PBXFileReference; lastKnownFileType = sourcecode.swift; path = ProfileManager.swift; sourceTree = "<group>"; };
		B10009 /* ImageVerificationService.swift */ = {isa = PBXFileReference; lastKnownFileType = sourcecode.swift; path = ImageVerificationService.swift; sourceTree = "<group>"; };
		B10010 /* CameraService.swift */ = {isa = PBXFileReference; lastKnownFileType = sourcecode.swift; path = CameraService.swift; sourceTree = "<group>"; };
		B10011 /* HomeView.swift */ = {isa = PBXFileReference; lastKnownFileType = sourcecode.swift; path = HomeView.swift; sourceTree = "<group>"; };
		B10012 /* LockedView.swift */ = {isa = PBXFileReference; lastKnownFileType = sourcecode.swift; path = LockedView.swift; sourceTree = "<group>"; };
		B10013 /* CameraCaptureView.swift */ = {isa = PBXFileReference; lastKnownFileType = sourcecode.swift; path = CameraCaptureView.swift; sourceTree = "<group>"; };
		B10014 /* ProfilesView.swift */ = {isa = PBXFileReference; lastKnownFileType = sourcecode.swift; path = ProfilesView.swift; sourceTree = "<group>"; };
		B10015 /* EditProfileView.swift */ = {isa = PBXFileReference; lastKnownFileType = sourcecode.swift; path = EditProfileView.swift; sourceTree = "<group>"; };
		B10016 /* StatsView.swift */ = {isa = PBXFileReference; lastKnownFileType = sourcecode.swift; path = StatsView.swift; sourceTree = "<group>"; };
		B10017 /* SettingsView.swift */ = {isa = PBXFileReference; lastKnownFileType = sourcecode.swift; path = SettingsView.swift; sourceTree = "<group>"; };
		B10018 /* OnboardingView.swift */ = {isa = PBXFileReference; lastKnownFileType = sourcecode.swift; path = OnboardingView.swift; sourceTree = "<group>"; };
		B10019 /* MainTabView.swift */ = {isa = PBXFileReference; lastKnownFileType = sourcecode.swift; path = MainTabView.swift; sourceTree = "<group>"; };
		B10020 /* Assets.xcassets */ = {isa = PBXFileReference; lastKnownFileType = folder.assetcatalog; path = Assets.xcassets; sourceTree = "<group>"; };
		B10021 /* Info.plist */ = {isa = PBXFileReference; lastKnownFileType = text.plist.xml; path = Info.plist; sourceTree = "<group>"; };
		B10022 /* FocusSnap.entitlements */ = {isa = PBXFileReference; lastKnownFileType = text.plist.entitlements; path = FocusSnap.entitlements; sourceTree = "<group>"; };
		B20001 /* DeviceActivityMonitorExtension.swift */ = {isa = PBXFileReference; lastKnownFileType = sourcecode.swift; path = DeviceActivityMonitorExtension.swift; sourceTree = "<group>"; };
		B20002 /* Info.plist */ = {isa = PBXFileReference; lastKnownFileType = text.plist.xml; path = Info.plist; sourceTree = "<group>"; };
		B30001 /* ShieldConfigurationExtension.swift */ = {isa = PBXFileReference; lastKnownFileType = sourcecode.swift; path = ShieldConfigurationExtension.swift; sourceTree = "<group>"; };
		B30002 /* Info.plist */ = {isa = PBXFileReference; lastKnownFileType = text.plist.xml; path = Info.plist; sourceTree = "<group>"; };
		B40001 /* ShieldActionExtension.swift */ = {isa = PBXFileReference; lastKnownFileType = sourcecode.swift; path = ShieldActionExtension.swift; sourceTree = "<group>"; };
		B40002 /* Info.plist */ = {isa = PBXFileReference; lastKnownFileType = text.plist.xml; path = Info.plist; sourceTree = "<group>"; };
/* End PBXFileReference section */

/* Begin PBXFrameworksBuildPhase section */
		F10001 /* Frameworks */ = {
			isa = PBXFrameworksBuildPhase;
			buildActionMask = 2147483647;
			files = (
			);
			runOnlyForDeploymentPostprocessing = 0;
		};
		F20001 /* Frameworks */ = {
			isa = PBXFrameworksBuildPhase;
			buildActionMask = 2147483647;
			files = (
			);
			runOnlyForDeploymentPostprocessing = 0;
		};
		F30001 /* Frameworks */ = {
			isa = PBXFrameworksBuildPhase;
			buildActionMask = 2147483647;
			files = (
			);
			runOnlyForDeploymentPostprocessing = 0;
		};
		F40001 /* Frameworks */ = {
			isa = PBXFrameworksBuildPhase;
			buildActionMask = 2147483647;
			files = (
			);
			runOnlyForDeploymentPostprocessing = 0;
		};
/* End PBXFrameworksBuildPhase section */

/* Begin PBXGroup section */
		G00001 = {
			isa = PBXGroup;
			children = (
				G10000 /* FocusSnap */,
				G20000 /* DeviceActivityMonitorExtension */,
				G30000 /* ShieldConfigurationExtension */,
				G40000 /* ShieldActionExtension */,
				G00002 /* Products */,
			);
			sourceTree = "<group>";
		};
		G00002 /* Products */ = {
			isa = PBXGroup;
			children = (
				P10000 /* FocusSnap.app */,
				P20000 /* DeviceActivityMonitorExtension.appex */,
				P30000 /* ShieldConfigurationExtension.appex */,
				P40000 /* ShieldActionExtension.appex */,
			);
			name = Products;
			sourceTree = "<group>";
		};
		G10000 /* FocusSnap */ = {
			isa = PBXGroup;
			children = (
				B10001 /* FocusSnapApp.swift */,
				B10021 /* Info.plist */,
				B10022 /* FocusSnap.entitlements */,
				B10020 /* Assets.xcassets */,
				G10001 /* Models */,
				G10002 /* Views */,
				G10003 /* Services */,
			);
			path = FocusSnap;
			sourceTree = "<group>";
		};
		G10001 /* Models */ = {
			isa = PBXGroup;
			children = (
				B10003 /* Challenge.swift */,
				B10004 /* FocusProfile.swift */,
				B10005 /* FocusSession.swift */,
			);
			path = Models;
			sourceTree = "<group>";
		};
		G10002 /* Views */ = {
			isa = PBXGroup;
			children = (
				B10002 /* ContentView.swift */,
				B10018 /* OnboardingView.swift */,
				B10019 /* MainTabView.swift */,
				B10011 /* HomeView.swift */,
				B10012 /* LockedView.swift */,
				B10013 /* CameraCaptureView.swift */,
				B10014 /* ProfilesView.swift */,
				B10015 /* EditProfileView.swift */,
				B10016 /* StatsView.swift */,
				B10017 /* SettingsView.swift */,
			);
			path = Views;
			sourceTree = "<group>";
		};
		G10003 /* Services */ = {
			isa = PBXGroup;
			children = (
				B10006 /* AuthorizationManager.swift */,
				B10007 /* SessionManager.swift */,
				B10008 /* ProfileManager.swift */,
				B10009 /* ImageVerificationService.swift */,
				B10010 /* CameraService.swift */,
			);
			path = Services;
			sourceTree = "<group>";
		};
		G20000 /* DeviceActivityMonitorExtension */ = {
			isa = PBXGroup;
			children = (
				B20001 /* DeviceActivityMonitorExtension.swift */,
				B20002 /* Info.plist */,
			);
			path = DeviceActivityMonitorExtension;
			sourceTree = "<group>";
		};
		G30000 /* ShieldConfigurationExtension */ = {
			isa = PBXGroup;
			children = (
				B30001 /* ShieldConfigurationExtension.swift */,
				B30002 /* Info.plist */,
			);
			path = ShieldConfigurationExtension;
			sourceTree = "<group>";
		};
		G40000 /* ShieldActionExtension */ = {
			isa = PBXGroup;
			children = (
				B40001 /* ShieldActionExtension.swift */,
				B40002 /* Info.plist */,
			);
			path = ShieldActionExtension;
			sourceTree = "<group>";
		};
/* End PBXGroup section */

/* Begin PBXNativeTarget section */
		T10000 /* FocusSnap */ = {
			isa = PBXNativeTarget;
			buildConfigurationList = X10000 /* Build configuration list for PBXNativeTarget "FocusSnap" */;
			buildPhases = (
				S10001 /* Sources */,
				F10001 /* Frameworks */,
				R10001 /* Resources */,
				E10001 /* Embed Extensions */,
			);
			buildRules = (
			);
			dependencies = (
				D20001 /* PBXTargetDependency */,
				D30001 /* PBXTargetDependency */,
				D40001 /* PBXTargetDependency */,
			);
			name = FocusSnap;
			productName = FocusSnap;
			productReference = P10000 /* FocusSnap.app */;
			productType = "com.apple.product-type.application";
		};
		T20000 /* DeviceActivityMonitorExtension */ = {
			isa = PBXNativeTarget;
			buildConfigurationList = X20000 /* Build configuration list for PBXNativeTarget "DeviceActivityMonitorExtension" */;
			buildPhases = (
				S20001 /* Sources */,
				F20001 /* Frameworks */,
			);
			buildRules = (
			);
			dependencies = (
			);
			name = DeviceActivityMonitorExtension;
			productName = DeviceActivityMonitorExtension;
			productReference = P20000 /* DeviceActivityMonitorExtension.appex */;
			productType = "com.apple.product-type.app-extension";
		};
		T30000 /* ShieldConfigurationExtension */ = {
			isa = PBXNativeTarget;
			buildConfigurationList = X30000 /* Build configuration list for PBXNativeTarget "ShieldConfigurationExtension" */;
			buildPhases = (
				S30001 /* Sources */,
				F30001 /* Frameworks */,
			);
			buildRules = (
			);
			dependencies = (
			);
			name = ShieldConfigurationExtension;
			productName = ShieldConfigurationExtension;
			productReference = P30000 /* ShieldConfigurationExtension.appex */;
			productType = "com.apple.product-type.app-extension";
		};
		T40000 /* ShieldActionExtension */ = {
			isa = PBXNativeTarget;
			buildConfigurationList = X40000 /* Build configuration list for PBXNativeTarget "ShieldActionExtension" */;
			buildPhases = (
				S40001 /* Sources */,
				F40001 /* Frameworks */,
			);
			buildRules = (
			);
			dependencies = (
			);
			name = ShieldActionExtension;
			productName = ShieldActionExtension;
			productReference = P40000 /* ShieldActionExtension.appex */;
			productType = "com.apple.product-type.app-extension";
		};
/* End PBXNativeTarget section */

/* Begin PBXProject section */
		R00001 /* Project object */ = {
			isa = PBXProject;
			attributes = {
				BuildIndependentTargetsInParallel = 1;
				LastSwiftUpdateCheck = 1540;
				LastUpgradeCheck = 1540;
				TargetAttributes = {
					T10000 = {
						CreatedOnToolsVersion = 15.4;
					};
					T20000 = {
						CreatedOnToolsVersion = 15.4;
					};
					T30000 = {
						CreatedOnToolsVersion = 15.4;
					};
					T40000 = {
						CreatedOnToolsVersion = 15.4;
					};
				};
			};
			buildConfigurationList = X00000 /* Build configuration list for PBXProject "FocusSnap" */;
			compatibilityVersion = "Xcode 14.0";
			developmentRegion = en;
			hasScannedForEncodings = 0;
			knownRegions = (
				en,
				Base,
			);
			mainGroup = G00001;
			productRefGroup = G00002 /* Products */;
			projectDirPath = "";
			projectRoot = "";
			targets = (
				T10000 /* FocusSnap */,
				T20000 /* DeviceActivityMonitorExtension */,
				T30000 /* ShieldConfigurationExtension */,
				T40000 /* ShieldActionExtension */,
			);
		};
/* End PBXProject section */

/* Begin PBXResourcesBuildPhase section */
		R10001 /* Resources */ = {
			isa = PBXResourcesBuildPhase;
			buildActionMask = 2147483647;
			files = (
				A10020 /* Assets.xcassets in Resources */,
			);
			runOnlyForDeploymentPostprocessing = 0;
		};
/* End PBXResourcesBuildPhase section */

/* Begin PBXSourcesBuildPhase section */
		S10001 /* Sources */ = {
			isa = PBXSourcesBuildPhase;
			buildActionMask = 2147483647;
			files = (
				A10001 /* FocusSnapApp.swift in Sources */,
				A10002 /* ContentView.swift in Sources */,
				A10003 /* Challenge.swift in Sources */,
				A10004 /* FocusProfile.swift in Sources */,
				A10005 /* FocusSession.swift in Sources */,
				A10006 /* AuthorizationManager.swift in Sources */,
				A10007 /* SessionManager.swift in Sources */,
				A10008 /* ProfileManager.swift in Sources */,
				A10009 /* ImageVerificationService.swift in Sources */,
				A10010 /* CameraService.swift in Sources */,
				A10011 /* HomeView.swift in Sources */,
				A10012 /* LockedView.swift in Sources */,
				A10013 /* CameraCaptureView.swift in Sources */,
				A10014 /* ProfilesView.swift in Sources */,
				A10015 /* EditProfileView.swift in Sources */,
				A10016 /* StatsView.swift in Sources */,
				A10017 /* SettingsView.swift in Sources */,
				A10018 /* OnboardingView.swift in Sources */,
				A10019 /* MainTabView.swift in Sources */,
			);
			runOnlyForDeploymentPostprocessing = 0;
		};
		S20001 /* Sources */ = {
			isa = PBXSourcesBuildPhase;
			buildActionMask = 2147483647;
			files = (
				A20001 /* DeviceActivityMonitorExtension.swift in Sources */,
			);
			runOnlyForDeploymentPostprocessing = 0;
		};
		S30001 /* Sources */ = {
			isa = PBXSourcesBuildPhase;
			buildActionMask = 2147483647;
			files = (
				A30001 /* ShieldConfigurationExtension.swift in Sources */,
			);
			runOnlyForDeploymentPostprocessing = 0;
		};
		S40001 /* Sources */ = {
			isa = PBXSourcesBuildPhase;
			buildActionMask = 2147483647;
			files = (
				A40001 /* ShieldActionExtension.swift in Sources */,
			);
			runOnlyForDeploymentPostprocessing = 0;
		};
/* End PBXSourcesBuildPhase section */

/* Begin PBXTargetDependency section */
		D20001 /* PBXTargetDependency */ = {
			isa = PBXTargetDependency;
			target = T20000 /* DeviceActivityMonitorExtension */;
			targetProxy = C20001 /* PBXContainerItemProxy */;
		};
		D30001 /* PBXTargetDependency */ = {
			isa = PBXTargetDependency;
			target = T30000 /* ShieldConfigurationExtension */;
			targetProxy = C30001 /* PBXContainerItemProxy */;
		};
		D40001 /* PBXTargetDependency */ = {
			isa = PBXTargetDependency;
			target = T40000 /* ShieldActionExtension */;
			targetProxy = C40001 /* PBXContainerItemProxy */;
		};
/* End PBXTargetDependency section */

/* Begin XCBuildConfiguration section */
		/* Debug - Project */
		XD0001 /* Debug */ = {
			isa = XCBuildConfiguration;
			buildSettings = {
				ALWAYS_SEARCH_USER_PATHS = NO;
				ASSETCATALOG_COMPILER_GENERATE_SWIFT_ASSET_SYMBOL_EXTENSIONS = YES;
				CLANG_ANALYZER_NONNULL = YES;
				CLANG_CXX_LANGUAGE_STANDARD = "gnu++20";
				CLANG_ENABLE_MODULES = YES;
				CLANG_ENABLE_OBJC_ARC = YES;
				COPY_PHASE_STRIP = NO;
				DEBUG_INFORMATION_FORMAT = dwarf;
				ENABLE_STRICT_OBJC_MSGSEND = YES;
				ENABLE_TESTABILITY = YES;
				GCC_DYNAMIC_NO_PIC = NO;
				GCC_OPTIMIZATION_LEVEL = 0;
				GCC_PREPROCESSOR_DEFINITIONS = (
					"DEBUG=1",
					"$(inherited)",
				);
				GCC_WARN_ABOUT_RETURN_TYPE = YES_ERROR;
				GCC_WARN_UNINITIALIZED_AUTOS = YES_AGGRESSIVE;
				IPHONEOS_DEPLOYMENT_TARGET = 17.0;
				MTL_ENABLE_DEBUG_INFO = INCLUDE_SOURCE;
				ONLY_ACTIVE_ARCH = YES;
				SDKROOT = iphoneos;
				SWIFT_ACTIVE_COMPILATION_CONDITIONS = "$(inherited) DEBUG";
				SWIFT_OPTIMIZATION_LEVEL = "-Onone";
				SWIFT_VERSION = 5.0;
			};
			name = Debug;
		};
		/* Release - Project */
		XR0001 /* Release */ = {
			isa = XCBuildConfiguration;
			buildSettings = {
				ALWAYS_SEARCH_USER_PATHS = NO;
				ASSETCATALOG_COMPILER_GENERATE_SWIFT_ASSET_SYMBOL_EXTENSIONS = YES;
				CLANG_ANALYZER_NONNULL = YES;
				CLANG_CXX_LANGUAGE_STANDARD = "gnu++20";
				CLANG_ENABLE_MODULES = YES;
				CLANG_ENABLE_OBJC_ARC = YES;
				COPY_PHASE_STRIP = NO;
				DEBUG_INFORMATION_FORMAT = "dwarf-with-dsym";
				ENABLE_NS_ASSERTIONS = NO;
				ENABLE_STRICT_OBJC_MSGSEND = YES;
				GCC_WARN_ABOUT_RETURN_TYPE = YES_ERROR;
				GCC_WARN_UNINITIALIZED_AUTOS = YES_AGGRESSIVE;
				IPHONEOS_DEPLOYMENT_TARGET = 17.0;
				SDKROOT = iphoneos;
				SWIFT_COMPILATION_MODE = wholemodule;
				SWIFT_VERSION = 5.0;
				VALIDATE_PRODUCT = YES;
			};
			name = Release;
		};
		/* Debug - FocusSnap App */
		XD1001 /* Debug */ = {
			isa = XCBuildConfiguration;
			buildSettings = {
				ASSETCATALOG_COMPILER_APPICON_NAME = AppIcon;
				ASSETCATALOG_COMPILER_GLOBAL_ACCENT_COLOR_NAME = AccentColor;
				CODE_SIGN_ENTITLEMENTS = FocusSnap/FocusSnap.entitlements;
				CODE_SIGN_STYLE = Automatic;
				CURRENT_PROJECT_VERSION = 1;
				GENERATE_INFOPLIST_FILE = YES;
				INFOPLIST_FILE = FocusSnap/Info.plist;
				INFOPLIST_KEY_CFBundleDisplayName = FocusSnap;
				INFOPLIST_KEY_UIApplicationSceneManifest_Generation = YES;
				INFOPLIST_KEY_UIApplicationSupportsIndirectInputEvents = YES;
				INFOPLIST_KEY_UILaunchScreen_Generation = YES;
				INFOPLIST_KEY_UISupportedInterfaceOrientations_iPad = "UIInterfaceOrientationPortrait UIInterfaceOrientationPortraitUpsideDown UIInterfaceOrientationLandscapeLeft UIInterfaceOrientationLandscapeRight";
				INFOPLIST_KEY_UISupportedInterfaceOrientations_iPhone = "UIInterfaceOrientationPortrait UIInterfaceOrientationLandscapeLeft UIInterfaceOrientationLandscapeRight";
				LD_RUNPATH_SEARCH_PATHS = (
					"$(inherited)",
					"@executable_path/Frameworks",
				);
				MARKETING_VERSION = 1.0.0;
				PRODUCT_BUNDLE_IDENTIFIER = "com.infinit3dev.focussnap";
				PRODUCT_NAME = "$(TARGET_NAME)";
				SWIFT_EMIT_LOC_STRINGS = YES;
				SWIFT_VERSION = 5.0;
				TARGETED_DEVICE_FAMILY = "1,2";
			};
			name = Debug;
		};
		/* Release - FocusSnap App */
		XR1001 /* Release */ = {
			isa = XCBuildConfiguration;
			buildSettings = {
				ASSETCATALOG_COMPILER_APPICON_NAME = AppIcon;
				ASSETCATALOG_COMPILER_GLOBAL_ACCENT_COLOR_NAME = AccentColor;
				CODE_SIGN_ENTITLEMENTS = FocusSnap/FocusSnap.entitlements;
				CODE_SIGN_STYLE = Automatic;
				CURRENT_PROJECT_VERSION = 1;
				GENERATE_INFOPLIST_FILE = YES;
				INFOPLIST_FILE = FocusSnap/Info.plist;
				INFOPLIST_KEY_CFBundleDisplayName = FocusSnap;
				INFOPLIST_KEY_UIApplicationSceneManifest_Generation = YES;
				INFOPLIST_KEY_UIApplicationSupportsIndirectInputEvents = YES;
				INFOPLIST_KEY_UILaunchScreen_Generation = YES;
				INFOPLIST_KEY_UISupportedInterfaceOrientations_iPad = "UIInterfaceOrientationPortrait UIInterfaceOrientationPortraitUpsideDown UIInterfaceOrientationLandscapeLeft UIInterfaceOrientationLandscapeRight";
				INFOPLIST_KEY_UISupportedInterfaceOrientations_iPhone = "UIInterfaceOrientationPortrait UIInterfaceOrientationLandscapeLeft UIInterfaceOrientationLandscapeRight";
				LD_RUNPATH_SEARCH_PATHS = (
					"$(inherited)",
					"@executable_path/Frameworks",
				);
				MARKETING_VERSION = 1.0.0;
				PRODUCT_BUNDLE_IDENTIFIER = "com.infinit3dev.focussnap";
				PRODUCT_NAME = "$(TARGET_NAME)";
				SWIFT_EMIT_LOC_STRINGS = YES;
				SWIFT_VERSION = 5.0;
				TARGETED_DEVICE_FAMILY = "1,2";
			};
			name = Release;
		};
		/* Debug - DeviceActivityMonitorExtension */
		XD2001 /* Debug */ = {
			isa = XCBuildConfiguration;
			buildSettings = {
				CODE_SIGN_STYLE = Automatic;
				CURRENT_PROJECT_VERSION = 1;
				GENERATE_INFOPLIST_FILE = YES;
				INFOPLIST_FILE = DeviceActivityMonitorExtension/Info.plist;
				INFOPLIST_KEY_CFBundleDisplayName = DeviceActivityMonitorExtension;
				INFOPLIST_KEY_NSHumanReadableCopyright = "";
				LD_RUNPATH_SEARCH_PATHS = (
					"$(inherited)",
					"@executable_path/Frameworks",
					"@executable_path/../../Frameworks",
				);
				MARKETING_VERSION = 1.0.0;
				PRODUCT_BUNDLE_IDENTIFIER = "com.infinit3dev.focussnap.DeviceActivityMonitor";
				PRODUCT_NAME = "$(TARGET_NAME)";
				SKIP_INSTALL = YES;
				SWIFT_EMIT_LOC_STRINGS = YES;
				SWIFT_VERSION = 5.0;
				TARGETED_DEVICE_FAMILY = "1,2";
			};
			name = Debug;
		};
		/* Release - DeviceActivityMonitorExtension */
		XR2001 /* Release */ = {
			isa = XCBuildConfiguration;
			buildSettings = {
				CODE_SIGN_STYLE = Automatic;
				CURRENT_PROJECT_VERSION = 1;
				GENERATE_INFOPLIST_FILE = YES;
				INFOPLIST_FILE = DeviceActivityMonitorExtension/Info.plist;
				INFOPLIST_KEY_CFBundleDisplayName = DeviceActivityMonitorExtension;
				INFOPLIST_KEY_NSHumanReadableCopyright = "";
				LD_RUNPATH_SEARCH_PATHS = (
					"$(inherited)",
					"@executable_path/Frameworks",
					"@executable_path/../../Frameworks",
				);
				MARKETING_VERSION = 1.0.0;
				PRODUCT_BUNDLE_IDENTIFIER = "com.infinit3dev.focussnap.DeviceActivityMonitor";
				PRODUCT_NAME = "$(TARGET_NAME)";
				SKIP_INSTALL = YES;
				SWIFT_EMIT_LOC_STRINGS = YES;
				SWIFT_VERSION = 5.0;
				TARGETED_DEVICE_FAMILY = "1,2";
			};
			name = Release;
		};
		/* Debug - ShieldConfigurationExtension */
		XD3001 /* Debug */ = {
			isa = XCBuildConfiguration;
			buildSettings = {
				CODE_SIGN_STYLE = Automatic;
				CURRENT_PROJECT_VERSION = 1;
				GENERATE_INFOPLIST_FILE = YES;
				INFOPLIST_FILE = ShieldConfigurationExtension/Info.plist;
				INFOPLIST_KEY_CFBundleDisplayName = ShieldConfigurationExtension;
				INFOPLIST_KEY_NSHumanReadableCopyright = "";
				LD_RUNPATH_SEARCH_PATHS = (
					"$(inherited)",
					"@executable_path/Frameworks",
					"@executable_path/../../Frameworks",
				);
				MARKETING_VERSION = 1.0.0;
				PRODUCT_BUNDLE_IDENTIFIER = "com.infinit3dev.focussnap.ShieldConfiguration";
				PRODUCT_NAME = "$(TARGET_NAME)";
				SKIP_INSTALL = YES;
				SWIFT_EMIT_LOC_STRINGS = YES;
				SWIFT_VERSION = 5.0;
				TARGETED_DEVICE_FAMILY = "1,2";
			};
			name = Debug;
		};
		/* Release - ShieldConfigurationExtension */
		XR3001 /* Release */ = {
			isa = XCBuildConfiguration;
			buildSettings = {
				CODE_SIGN_STYLE = Automatic;
				CURRENT_PROJECT_VERSION = 1;
				GENERATE_INFOPLIST_FILE = YES;
				INFOPLIST_FILE = ShieldConfigurationExtension/Info.plist;
				INFOPLIST_KEY_CFBundleDisplayName = ShieldConfigurationExtension;
				INFOPLIST_KEY_NSHumanReadableCopyright = "";
				LD_RUNPATH_SEARCH_PATHS = (
					"$(inherited)",
					"@executable_path/Frameworks",
					"@executable_path/../../Frameworks",
				);
				MARKETING_VERSION = 1.0.0;
				PRODUCT_BUNDLE_IDENTIFIER = "com.infinit3dev.focussnap.ShieldConfiguration";
				PRODUCT_NAME = "$(TARGET_NAME)";
				SKIP_INSTALL = YES;
				SWIFT_EMIT_LOC_STRINGS = YES;
				SWIFT_VERSION = 5.0;
				TARGETED_DEVICE_FAMILY = "1,2";
			};
			name = Release;
		};
		/* Debug - ShieldActionExtension */
		XD4001 /* Debug */ = {
			isa = XCBuildConfiguration;
			buildSettings = {
				CODE_SIGN_STYLE = Automatic;
				CURRENT_PROJECT_VERSION = 1;
				GENERATE_INFOPLIST_FILE = YES;
				INFOPLIST_FILE = ShieldActionExtension/Info.plist;
				INFOPLIST_KEY_CFBundleDisplayName = ShieldActionExtension;
				INFOPLIST_KEY_NSHumanReadableCopyright = "";
				LD_RUNPATH_SEARCH_PATHS = (
					"$(inherited)",
					"@executable_path/Frameworks",
					"@executable_path/../../Frameworks",
				);
				MARKETING_VERSION = 1.0.0;
				PRODUCT_BUNDLE_IDENTIFIER = "com.infinit3dev.focussnap.ShieldAction";
				PRODUCT_NAME = "$(TARGET_NAME)";
				SKIP_INSTALL = YES;
				SWIFT_EMIT_LOC_STRINGS = YES;
				SWIFT_VERSION = 5.0;
				TARGETED_DEVICE_FAMILY = "1,2";
			};
			name = Debug;
		};
		/* Release - ShieldActionExtension */
		XR4001 /* Release */ = {
			isa = XCBuildConfiguration;
			buildSettings = {
				CODE_SIGN_STYLE = Automatic;
				CURRENT_PROJECT_VERSION = 1;
				GENERATE_INFOPLIST_FILE = YES;
				INFOPLIST_FILE = ShieldActionExtension/Info.plist;
				INFOPLIST_KEY_CFBundleDisplayName = ShieldActionExtension;
				INFOPLIST_KEY_NSHumanReadableCopyright = "";
				LD_RUNPATH_SEARCH_PATHS = (
					"$(inherited)",
					"@executable_path/Frameworks",
					"@executable_path/../../Frameworks",
				);
				MARKETING_VERSION = 1.0.0;
				PRODUCT_BUNDLE_IDENTIFIER = "com.infinit3dev.focussnap.ShieldAction";
				PRODUCT_NAME = "$(TARGET_NAME)";
				SKIP_INSTALL = YES;
				SWIFT_EMIT_LOC_STRINGS = YES;
				SWIFT_VERSION = 5.0;
				TARGETED_DEVICE_FAMILY = "1,2";
			};
			name = Release;
		};
/* End XCBuildConfiguration section */

/* Begin XCConfigurationList section */
		X00000 /* Build configuration list for PBXProject "FocusSnap" */ = {
			isa = XCConfigurationList;
			buildConfigurations = (
				XD0001 /* Debug */,
				XR0001 /* Release */,
			);
			defaultConfigurationIsVisible = 0;
			defaultConfigurationName = Release;
		};
		X10000 /* Build configuration list for PBXNativeTarget "FocusSnap" */ = {
			isa = XCConfigurationList;
			buildConfigurations = (
				XD1001 /* Debug */,
				XR1001 /* Release */,
			);
			defaultConfigurationIsVisible = 0;
			defaultConfigurationName = Release;
		};
		X20000 /* Build configuration list for PBXNativeTarget "DeviceActivityMonitorExtension" */ = {
			isa = XCConfigurationList;
			buildConfigurations = (
				XD2001 /* Debug */,
				XR2001 /* Release */,
			);
			defaultConfigurationIsVisible = 0;
			defaultConfigurationName = Release;
		};
		X30000 /* Build configuration list for PBXNativeTarget "ShieldConfigurationExtension" */ = {
			isa = XCConfigurationList;
			buildConfigurations = (
				XD3001 /* Debug */,
				XR3001 /* Release */,
			);
			defaultConfigurationIsVisible = 0;
			defaultConfigurationName = Release;
		};
		X40000 /* Build configuration list for PBXNativeTarget "ShieldActionExtension" */ = {
			isa = XCConfigurationList;
			buildConfigurations = (
				XD4001 /* Debug */,
				XR4001 /* Release */,
			);
			defaultConfigurationIsVisible = 0;
			defaultConfigurationName = Release;
		};
/* End XCConfigurationList section */

	};
	rootObject = R00001 /* Project object */;
}
